schema: '2.0'
stages:
  preprocess:
    cmd: python src/data_preprocessing.py --input data/raw/iris.csv --output data/processed/iris.csv
    deps:
    - path: data/raw/iris.csv
      hash: md5
      md5: b1be61440c58c7e5324643d38798c774
      size: 2885
    - path: src/data_preprocessing.py
      hash: md5
      md5: fa0d3a06ec33251905108fe40b7c1270
      size: 562
    outs:
    - path: data/processed/iris.csv
      hash: md5
      md5: b1be61440c58c7e5324643d38798c774
      size: 2885
  train:
    cmd: python src/train_model.py --data data/processed/iris.csv --output models/trained_model.pkl
    deps:
    - path: data/processed/iris.csv
      hash: md5
      md5: b1be61440c58c7e5324643d38798c774
      size: 2885
    - path: src/train_model.py
      hash: md5
      md5: 485de14a98f28eff802663a722b3b509
      size: 1155
    outs:
    - path: models/trained_model.pkl
      hash: md5
      md5: 3b7abb525faad416fada318ad1935b2d
      size: 177312
